{
  "name": "dirtest",
  "lockfileVersion": 2,
  "requires": true,
  "packages": {
    "": {
      "dependencies": {
        "axios": "^0.21.1",
        "css-spinners": "^1.0.1",
        "downloadjs": "^1.4.7",
        "easy-social-share-links": "^1.2.2",
        "json5": "^2.2.0",
        "resolve-package-path": "^4.0.1"
      }
    },
    "node_modules/axios": {
      "version": "0.21.1",
      "resolved": "https://registry.npmjs.org/axios/-/axios-0.21.1.tgz",
      "integrity": "sha512-dKQiRHxGD9PPRIUNIWvZhPTPpl1rf/OxTYKsqKUDjBwYylTvV7SjSHJb9ratfyzM6wCdLCOYLzs73qpg5c4iGA==",
      "dependencies": {
        "follow-redirects": "^1.10.0"
      }
    },
    "node_modules/css-spinners": {
      "version": "1.0.1",
      "resolved": "https://registry.npmjs.org/css-spinners/-/css-spinners-1.0.1.tgz",
      "integrity": "sha512-b1QHdM6HR/PiCPUwDpj2O6dD2V3LmMpH0/xBP4SsNfd8GGft//2SxFV+iilHb01jw2r1d9tSrkHbX/BuRIpwYw==",
      "engines": {
        "node": ">= 0.8.0"
      }
    },
    "node_modules/downloadjs": {
      "version": "1.4.7",
      "resolved": "https://registry.npmjs.org/downloadjs/-/downloadjs-1.4.7.tgz",
      "integrity": "sha1-9p+W+UDg0FU9rCkROYZaPNAQHjw="
    },
    "node_modules/easy-social-share-links": {
      "version": "1.2.2",
      "resolved": "https://registry.npmjs.org/easy-social-share-links/-/easy-social-share-links-1.2.2.tgz",
      "integrity": "sha512-aitg/vVs19yG7TDRc/m77kqB0cUqdc5TKyG5sC7lcQEVs1wphvS3j3JYe/Kwuq7GgsMx5Q5McEi1lJ4cFUx9GQ=="
    },
    "node_modules/follow-redirects": {
      "version": "1.14.1",
      "resolved": "https://registry.npmjs.org/follow-redirects/-/follow-redirects-1.14.1.tgz",
      "integrity": "sha512-HWqDgT7ZEkqRzBvc2s64vSZ/hfOceEol3ac/7tKwzuvEyWx3/4UegXh5oBOIotkGsObyk3xznnSRVADBgWSQVg==",
      "funding": [
        {
          "type": "individual",
          "url": "https://github.com/sponsors/RubenVerborgh"
        }
      ],
      "engines": {
        "node": ">=4.0"
      },
      "peerDependenciesMeta": {
        "debug": {
          "optional": true
        }
      }
    },
    "node_modules/json5": {
      "version": "2.2.0",
      "resolved": "https://registry.npmjs.org/json5/-/json5-2.2.0.tgz",
      "integrity": "sha512-f+8cldu7X/y7RAJurMEJmdoKXGB/X550w2Nr3tTbezL6RwEE/iMcm+tZnXeoZtKuOq6ft8+CqzEkrIgx1fPoQA==",
      "dependencies": {
        "minimist": "^1.2.5"
      },
      "bin": {
        "json5": "lib/cli.js"
      },
      "engines": {
        "node": ">=6"
      }
    },
    "node_modules/minimist": {
      "version": "1.2.5",
      "resolved": "https://registry.npmjs.org/minimist/-/minimist-1.2.5.tgz",
      "integrity": "sha512-FM9nNUYrRBAELZQT3xeZQ7fmMOBg6nWNmJKTcgsJeaLstP/UODVpGsr5OhXhhXg6f+qtJ8uiZ+PUxkDWcgIXLw=="
    },
    "node_modules/path-root": {
      "version": "0.1.1",
      "resolved": "https://registry.npmjs.org/path-root/-/path-root-0.1.1.tgz",
      "integrity": "sha1-mkpoFMrBwM1zNgqV8yCDyOpHRbc=",
      "dependencies": {
        "path-root-regex": "^0.1.0"
      },
      "engines": {
        "node": ">=0.10.0"
      }
    },
    "node_modules/path-root-regex": {
      "version": "0.1.2",
      "resolved": "https://registry.npmjs.org/path-root-regex/-/path-root-regex-0.1.2.tgz",
      "integrity": "sha1-v8zcjfWxLcUsi0PsONGNcsBLqW0=",
      "engines": {
        "node": ">=0.10.0"
      }
    },
    "node_modules/resolve-package-path": {
      "version": "4.0.1",
      "resolved": "https://registry.npmjs.org/resolve-package-path/-/resolve-package-path-4.0.1.tgz",
      "integrity": "sha512-2gb/yU2fSfX22pjDYyevzyOKK9q72XKUFqlAsrfPzZArM4JkIH/Qcme4n3EbaZttObWm/fIFLbPxrXIyiL8wdQ==",
      "dependencies": {
        "path-root": "^0.1.1"
      },
      "engines": {
        "node": ">= 12"
      }
    }
  },
  "dependencies": {
    "axios": {
      "version": "0.21.1",
      "resolved": "https://registry.npmjs.org/axios/-/axios-0.21.1.tgz",
      "integrity": "sha512-dKQiRHxGD9PPRIUNIWvZhPTPpl1rf/OxTYKsqKUDjBwYylTvV7SjSHJb9ratfyzM6wCdLCOYLzs73qpg5c4iGA==",
      "requires": {
        "follow-redirects": "^1.10.0"
      }
    },
    "css-spinners": {
      "version": "1.0.1",
      "resolved": "https://registry.npmjs.org/css-spinners/-/css-spinners-1.0.1.tgz",
      "integrity": "sha512-b1QHdM6HR/PiCPUwDpj2O6dD2V3LmMpH0/xBP4SsNfd8GGft//2SxFV+iilHb01jw2r1d9tSrkHbX/BuRIpwYw=="
    },
    "downloadjs": {
      "version": "1.4.7",
      "resolved": "https://registry.npmjs.org/downloadjs/-/downloadjs-1.4.7.tgz",
      "integrity": "sha1-9p+W+UDg0FU9rCkROYZaPNAQHjw="
    },
    "easy-social-share-links": {
      "version": "1.2.2",
      "resolved": "https://registry.npmjs.org/easy-social-share-links/-/easy-social-share-links-1.2.2.tgz",
      "integrity": "sha512-aitg/vVs19yG7TDRc/m77kqB0cUqdc5TKyG5sC7lcQEVs1wphvS3j3JYe/Kwuq7GgsMx5Q5McEi1lJ4cFUx9GQ=="
    },
    "follow-redirects": {
      "version": "1.14.1",
      "resolved": "https://registry.npmjs.org/follow-redirects/-/follow-redirects-1.14.1.tgz",
      "integrity": "sha512-HWqDgT7ZEkqRzBvc2s64vSZ/hfOceEol3ac/7tKwzuvEyWx3/4UegXh5oBOIotkGsObyk3xznnSRVADBgWSQVg=="
    },
    "json5": {
      "version": "2.2.0",
      "resolved": "https://registry.npmjs.org/json5/-/json5-2.2.0.tgz",
      "integrity": "sha512-f+8cldu7X/y7RAJurMEJmdoKXGB/X550w2Nr3tTbezL6RwEE/iMcm+tZnXeoZtKuOq6ft8+CqzEkrIgx1fPoQA==",
      "requires": {
        "minimist": "^1.2.5"
      }
    },
    "minimist": {
      "version": "1.2.5",
      "resolved": "https://registry.npmjs.org/minimist/-/minimist-1.2.5.tgz",
      "integrity": "sha512-FM9nNUYrRBAELZQT3xeZQ7fmMOBg6nWNmJKTcgsJeaLstP/UODVpGsr5OhXhhXg6f+qtJ8uiZ+PUxkDWcgIXLw=="
    },
    "path-root": {
      "version": "0.1.1",
      "resolved": "https://registry.npmjs.org/path-root/-/path-root-0.1.1.tgz",
      "integrity": "sha1-mkpoFMrBwM1zNgqV8yCDyOpHRbc=",
      "requires": {
        "path-root-regex": "^0.1.0"
      }
    },
    "path-root-regex": {
      "version": "0.1.2",
      "resolved": "https://registry.npmjs.org/path-root-regex/-/path-root-regex-0.1.2.tgz",
      "integrity": "sha1-v8zcjfWxLcUsi0PsONGNcsBLqW0="
    },
    "resolve-package-path": {
      "version": "4.0.1",
      "resolved": "https://registry.npmjs.org/resolve-package-path/-/resolve-package-path-4.0.1.tgz",
      "integrity": "sha512-2gb/yU2fSfX22pjDYyevzyOKK9q72XKUFqlAsrfPzZArM4JkIH/Qcme4n3EbaZttObWm/fIFLbPxrXIyiL8wdQ==",
      "requires": {
        "path-root": "^0.1.1"
      }
    }
  }
}
